
Microsoft Visual Studio Solution File, Format Version 12.00
# Visual Studio Version 16
VisualStudioVersion = 16.0.31313.79
MinimumVisualStudioVersion = 10.0.40219.1
Project("{FAE04EC0-301F-11D3-BF4B-00C04F79EFBC}") = "gRPC_REST", "gRPC_REST/gRPC_REST.csproj", "{94574618-E746-416D-821D-FE6D20389076}"
EndProject
Global
	GlobalSection(SolutionConfigurationPlatforms) = preSolution
		Debug|Any CPU = Debug|Any CPU
		Release|Any CPU = Release|Any CPU
	EndGlobalSection
	GlobalSection(ProjectConfigurationPlatforms) = postSolution
		{94574618-E746-416D-821D-FE6D20389076}.Debug|Any CPU.ActiveCfg = Debug|Any CPU
		{94574618-E746-416D-821D-FE6D20389076}.Debug|Any CPU.Build.0 = Debug|Any CPU
		{94574618-E746-416D-821D-FE6D20389076}.Release|Any CPU.ActiveCfg = Release|Any CPU
		{94574618-E746-416D-821D-FE6D20389076}.Release|Any CPU.Build.0 = Release|Any CPU
	EndGlobalSection
	GlobalSection(SolutionProperties) = preSolution
		HideSolutionNode = FALSE
	EndGlobalSection
	GlobalSection(ExtensibilityGlobals) = postSolution
		SolutionGuid = {0FE92AD0-5C97-47F7-ABDB-CB2985766D3C}
	EndGlobalSection
EndGlobal
